schema: '2.0'
stages:
  download_data:
    cmd: make make_data
    deps:
    - path: src/data/make_dataset.py
      md5: e0600b3a2a08b53bc6dda20904ce9f3c
      size: 890
    outs:
    - path: data/raw
      md5: 26cfac5328e437797155214abd16ce53.dir
      size: 58651964
      nfiles: 1
  build_features:
    cmd: make build_features
    deps:
    - path: data/raw
      md5: 26cfac5328e437797155214abd16ce53.dir
      size: 58651964
      nfiles: 1
    - path: src/features/build_features.py
      md5: 1f08940e508dc9df9474d0a90d37cce1
      size: 2353
    params:
      params.yaml:
        build_features.column_names:
        - label
        - text
        build_features.encoding: latin1
        build_features.header: 1
        build_features.text_column: text
        build_features.use_cols:
        - 1
        - 2
    outs:
    - path: data/interim
      md5: b69d89c64caa27f7e0ceecfa40fac2cc.dir
      size: 183055146
      nfiles: 1
  split_data:
    cmd: make split_data
    deps:
    - path: data/interim
      md5: b69d89c64caa27f7e0ceecfa40fac2cc.dir
      size: 183055146
      nfiles: 1
    - path: src/features/split_data.py
      md5: 04e1a2401716e796f254c1c9934f371b
      size: 1931
    params:
      params.yaml:
        split_data.encoding: latin1
        split_data.random_state: 42
        split_data.stratify: label
        split_data.test_size: 0.2
    outs:
    - path: data/processed
      md5: eb591cc17fbea5d2dda9a06df5025813.dir
      size: 183055157
      nfiles: 2
  train_model:
    cmd: make train_model
    deps:
    - path: data/processed
      md5: eb591cc17fbea5d2dda9a06df5025813.dir
      size: 183055157
      nfiles: 2
    - path: src/models/train_model.py
      md5: 6c740fee9f9e2ebb9dcb493304ff4499
      size: 2495
    params:
      params.yaml:
        train_model.target: label
    outs:
    - path: models
      md5: 9b8dd4000b0aa53f747696ee16dd19d2.dir
      size: 438534423
      nfiles: 2
  evaluate_model:
    cmd: make evaluate_model
    deps:
    - path: data/processed
      md5: eb591cc17fbea5d2dda9a06df5025813.dir
      size: 183055157
      nfiles: 2
    - path: models/model.pkl
      md5: 892a1d5cf028e4df919e091746b4f06c
      size: 438534135
    - path: src/models/evaluate_model.py
      md5: 311a996c937ce69b6e332842f4023ed5
      size: 3063
    params:
      params.yaml:
        evaluate_model.target: label
    outs:
    - path: reports
      md5: bfa84b718f771da8b63fbe880179d727.dir
      size: 25273
      nfiles: 3
