schema: '2.0'
stages:
  download_data:
    cmd: make make_data
    deps:
    - path: src/data/make_dataset.py
      md5: e0600b3a2a08b53bc6dda20904ce9f3c
      size: 890
    outs:
    - path: data/raw
      md5: 26cfac5328e437797155214abd16ce53.dir
      size: 58651964
      nfiles: 1
  build_features:
    cmd: make build_features
    deps:
    - path: data/raw
      md5: 26cfac5328e437797155214abd16ce53.dir
      size: 58651964
      nfiles: 1
    - path: src/features/build_features.py
      md5: 092b9cefd9bcca74acd32ff1ff795dce
      size: 2080
    params:
      params.yaml:
        build_features.column_names:
        - label
        - text
        build_features.encoding: latin1
        build_features.header: 1
        build_features.text_column: text
        build_features.use_cols:
        - 1
        - 2
    outs:
    - path: data/interim
      md5: f791bfaf7838017a0d97468c2dcfd47e.dir
      size: 183531196
      nfiles: 1
  split_data:
    cmd: make split_data
    deps:
    - path: data/interim
      md5: f791bfaf7838017a0d97468c2dcfd47e.dir
      size: 183531196
      nfiles: 1
    - path: src/features/split_data.py
      md5: 04e1a2401716e796f254c1c9934f371b
      size: 1931
    params:
      params.yaml:
        split_data.encoding: latin1
        split_data.random_state: 42
        split_data.stratify: label
        split_data.test_size: 0.2
    outs:
    - path: data/processed
      md5: 293f650fb68e466a6c7362295b41d3b1.dir
      size: 183531207
      nfiles: 2
  train_model:
    cmd: make train_model
    deps:
    - path: data/processed
      md5: 293f650fb68e466a6c7362295b41d3b1.dir
      size: 183531207
      nfiles: 2
    - path: src/models/train_model.py
      md5: 6c740fee9f9e2ebb9dcb493304ff4499
      size: 2495
    params:
      params.yaml:
        train_model.target: label
    outs:
    - path: models
      md5: 858963de775aa90ccd196cce04745f63.dir
      size: 438534425
      nfiles: 2
  evaluate_model:
    cmd: make evaluate_model
    deps:
    - path: data/processed
      md5: 293f650fb68e466a6c7362295b41d3b1.dir
      size: 183531207
      nfiles: 2
    - path: models/model.pkl
      md5: d14a5fb44fb264705e78885dd7512dc6
      size: 438534137
    - path: src/models/evaluate_model.py
      md5: 311a996c937ce69b6e332842f4023ed5
      size: 3063
    params:
      params.yaml:
        evaluate_model.target: label
    outs:
    - path: reports
      md5: dbbca5ab1719c8f6bd4da0e43d529477.dir
      size: 25478
      nfiles: 3
